// !$*UTF8*$!
{
	archiveVersion = 1;
	classes = {
	};
	objectVersion = 48;
	objects = {

/* Begin PBXBuildFile section */
		5814F2015FB5A12815684607 /* Pods_project_showcase_ios.framework in Frameworks */ = {isa = PBXBuildFile; fileRef = D1CF99490400640EEE89310A /* Pods_project_showcase_ios.framework */; };
		DA11F269201FFCE000ABE707 /* TeamViewModel.swift in Sources */ = {isa = PBXBuildFile; fileRef = DA11F268201FFCE000ABE707 /* TeamViewModel.swift */; };
		DA3B121A201FF0DB0049260C /* Team.swift in Sources */ = {isa = PBXBuildFile; fileRef = DA3B1219201FF0DB0049260C /* Team.swift */; };
		DA3B121C201FF3AB0049260C /* StringDict.swift in Sources */ = {isa = PBXBuildFile; fileRef = DA3B121B201FF3AB0049260C /* StringDict.swift */; };
		DA3B121E201FF89E0049260C /* Contact.swift in Sources */ = {isa = PBXBuildFile; fileRef = DA3B121D201FF89E0049260C /* Contact.swift */; };
		DAFCB25920123A5B009A6D34 /* AppDelegate.swift in Sources */ = {isa = PBXBuildFile; fileRef = DAFCB25820123A5B009A6D34 /* AppDelegate.swift */; };
		DAFCB26320123A5B009A6D34 /* Assets.xcassets in Resources */ = {isa = PBXBuildFile; fileRef = DAFCB26220123A5B009A6D34 /* Assets.xcassets */; };
		DAFCB26620123A5B009A6D34 /* LaunchScreen.storyboard in Resources */ = {isa = PBXBuildFile; fileRef = DAFCB26420123A5B009A6D34 /* LaunchScreen.storyboard */; };
		DAFCB27720123B38009A6D34 /* BrowseViewController.swift in Sources */ = {isa = PBXBuildFile; fileRef = DAFCB27420123B38009A6D34 /* BrowseViewController.swift */; };
		DAFCB27820123B38009A6D34 /* ListViewController.swift in Sources */ = {isa = PBXBuildFile; fileRef = DAFCB27520123B38009A6D34 /* ListViewController.swift */; };
		DAFCB27920123B38009A6D34 /* MapViewController.swift in Sources */ = {isa = PBXBuildFile; fileRef = DAFCB27620123B38009A6D34 /* MapViewController.swift */; };
		DAFCB27B20123BD5009A6D34 /* TabBarViewController.swift in Sources */ = {isa = PBXBuildFile; fileRef = DAFCB27A20123BD5009A6D34 /* TabBarViewController.swift */; };
		DAFCB27E2012405D009A6D34 /* Extensions.swift in Sources */ = {isa = PBXBuildFile; fileRef = DAFCB27D2012405D009A6D34 /* Extensions.swift */; };
		ED5FE588209D75EE00C19C8F /* TeamDetailViewController.swift in Sources */ = {isa = PBXBuildFile; fileRef = ED5FE587209D75EE00C19C8F /* TeamDetailViewController.swift */; };
		ED5FE58B209D7B0500C19C8F /* ContactInfoTableViewCell.swift in Sources */ = {isa = PBXBuildFile; fileRef = ED5FE589209D7B0500C19C8F /* ContactInfoTableViewCell.swift */; };
		ED5FE58C209D7B0500C19C8F /* ContactInfoTableViewCell.xib in Resources */ = {isa = PBXBuildFile; fileRef = ED5FE58A209D7B0500C19C8F /* ContactInfoTableViewCell.xib */; };
		ED75F27F2087FF5600438975 /* TeamTableViewCell.swift in Sources */ = {isa = PBXBuildFile; fileRef = ED75F27D2087FF5600438975 /* TeamTableViewCell.swift */; };
		ED75F2802087FF5600438975 /* TeamTableViewCell.xib in Resources */ = {isa = PBXBuildFile; fileRef = ED75F27E2087FF5600438975 /* TeamTableViewCell.xib */; };
		ED7C047721723AF900B19371 /* GoogleService-Info.plist in Resources */ = {isa = PBXBuildFile; fileRef = ED7C047621723AF800B19371 /* GoogleService-Info.plist */; };
/* End PBXBuildFile section */

/* Begin PBXFileReference section */
		295888290088FA671D71CE03 /* Pods-project-showcase-ios.debug.xcconfig */ = {isa = PBXFileReference; includeInIndex = 1; lastKnownFileType = text.xcconfig; name = "Pods-project-showcase-ios.debug.xcconfig"; path = "Pods/Target Support Files/Pods-project-showcase-ios/Pods-project-showcase-ios.debug.xcconfig"; sourceTree = "<group>"; };
		3E6EC886C01821FA92768A27 /* Pods-project-showcase-ios.release.xcconfig */ = {isa = PBXFileReference; includeInIndex = 1; lastKnownFileType = text.xcconfig; name = "Pods-project-showcase-ios.release.xcconfig"; path = "Pods/Target Support Files/Pods-project-showcase-ios/Pods-project-showcase-ios.release.xcconfig"; sourceTree = "<group>"; };
		D1CF99490400640EEE89310A /* Pods_project_showcase_ios.framework */ = {isa = PBXFileReference; explicitFileType = wrapper.framework; includeInIndex = 0; path = Pods_project_showcase_ios.framework; sourceTree = BUILT_PRODUCTS_DIR; };
		DA11F268201FFCE000ABE707 /* TeamViewModel.swift */ = {isa = PBXFileReference; lastKnownFileType = sourcecode.swift; name = TeamViewModel.swift; path = "project-showcase-ios/Utilities/TeamViewModel.swift"; sourceTree = SOURCE_ROOT; };
		DA3B1219201FF0DB0049260C /* Team.swift */ = {isa = PBXFileReference; lastKnownFileType = sourcecode.swift; name = Team.swift; path = "project-showcase-ios/Model/Team.swift"; sourceTree = SOURCE_ROOT; };
		DA3B121B201FF3AB0049260C /* StringDict.swift */ = {isa = PBXFileReference; lastKnownFileType = sourcecode.swift; path = StringDict.swift; sourceTree = "<group>"; };
		DA3B121D201FF89E0049260C /* Contact.swift */ = {isa = PBXFileReference; lastKnownFileType = sourcecode.swift; name = Contact.swift; path = "project-showcase-ios/Utilities/Contact.swift"; sourceTree = SOURCE_ROOT; };
		DAFCB25520123A5B009A6D34 /* project-showcase-ios.app */ = {isa = PBXFileReference; explicitFileType = wrapper.application; includeInIndex = 0; path = "project-showcase-ios.app"; sourceTree = BUILT_PRODUCTS_DIR; };
		DAFCB25820123A5B009A6D34 /* AppDelegate.swift */ = {isa = PBXFileReference; lastKnownFileType = sourcecode.swift; path = AppDelegate.swift; sourceTree = "<group>"; };
		DAFCB26220123A5B009A6D34 /* Assets.xcassets */ = {isa = PBXFileReference; lastKnownFileType = folder.assetcatalog; path = Assets.xcassets; sourceTree = "<group>"; };
		DAFCB26520123A5B009A6D34 /* Base */ = {isa = PBXFileReference; lastKnownFileType = file.storyboard; name = Base; path = Base.lproj/LaunchScreen.storyboard; sourceTree = "<group>"; };
		DAFCB26720123A5B009A6D34 /* Info.plist */ = {isa = PBXFileReference; lastKnownFileType = text.plist.xml; path = Info.plist; sourceTree = "<group>"; };
		DAFCB27420123B38009A6D34 /* BrowseViewController.swift */ = {isa = PBXFileReference; fileEncoding = 4; lastKnownFileType = sourcecode.swift; name = BrowseViewController.swift; path = "project-showcase-ios/ViewControllers/BrowseViewController.swift"; sourceTree = SOURCE_ROOT; };
		DAFCB27520123B38009A6D34 /* ListViewController.swift */ = {isa = PBXFileReference; fileEncoding = 4; lastKnownFileType = sourcecode.swift; name = ListViewController.swift; path = "project-showcase-ios/ViewControllers/ListViewController.swift"; sourceTree = SOURCE_ROOT; };
		DAFCB27620123B38009A6D34 /* MapViewController.swift */ = {isa = PBXFileReference; fileEncoding = 4; lastKnownFileType = sourcecode.swift; name = MapViewController.swift; path = "project-showcase-ios/ViewControllers/MapViewController.swift"; sourceTree = SOURCE_ROOT; };
		DAFCB27A20123BD5009A6D34 /* TabBarViewController.swift */ = {isa = PBXFileReference; lastKnownFileType = sourcecode.swift; name = TabBarViewController.swift; path = "project-showcase-ios/ViewControllers/TabBarViewController.swift"; sourceTree = SOURCE_ROOT; };
		DAFCB27D2012405D009A6D34 /* Extensions.swift */ = {isa = PBXFileReference; lastKnownFileType = sourcecode.swift; path = Extensions.swift; sourceTree = "<group>"; };
		ED5FE587209D75EE00C19C8F /* TeamDetailViewController.swift */ = {isa = PBXFileReference; lastKnownFileType = sourcecode.swift; name = TeamDetailViewController.swift; path = "project-showcase-ios/Views/TeamDetailViewController.swift"; sourceTree = SOURCE_ROOT; };
		ED5FE589209D7B0500C19C8F /* ContactInfoTableViewCell.swift */ = {isa = PBXFileReference; lastKnownFileType = sourcecode.swift; path = ContactInfoTableViewCell.swift; sourceTree = "<group>"; };
		ED5FE58A209D7B0500C19C8F /* ContactInfoTableViewCell.xib */ = {isa = PBXFileReference; lastKnownFileType = file.xib; path = ContactInfoTableViewCell.xib; sourceTree = "<group>"; };
		ED75F27D2087FF5600438975 /* TeamTableViewCell.swift */ = {isa = PBXFileReference; lastKnownFileType = sourcecode.swift; path = TeamTableViewCell.swift; sourceTree = "<group>"; };
		ED75F27E2087FF5600438975 /* TeamTableViewCell.xib */ = {isa = PBXFileReference; lastKnownFileType = file.xib; path = TeamTableViewCell.xib; sourceTree = "<group>"; };
		ED7C047621723AF800B19371 /* GoogleService-Info.plist */ = {isa = PBXFileReference; fileEncoding = 4; lastKnownFileType = text.plist.xml; path = "GoogleService-Info.plist"; sourceTree = "<group>"; };
/* End PBXFileReference section */

/* Begin PBXFrameworksBuildPhase section */
		DAFCB25220123A5B009A6D34 /* Frameworks */ = {
			isa = PBXFrameworksBuildPhase;
			buildActionMask = 2147483647;
			files = (
				5814F2015FB5A12815684607 /* Pods_project_showcase_ios.framework in Frameworks */,
			);
			runOnlyForDeploymentPostprocessing = 0;
		};
/* End PBXFrameworksBuildPhase section */

/* Begin PBXGroup section */
		6F11893A7003C450F6B32E6C /* Frameworks */ = {
			isa = PBXGroup;
			children = (
				D1CF99490400640EEE89310A /* Pods_project_showcase_ios.framework */,
			);
			name = Frameworks;
			sourceTree = "<group>";
		};
		A56DEAC0785A79486BBD6007 /* Pods */ = {
			isa = PBXGroup;
			children = (
				295888290088FA671D71CE03 /* Pods-project-showcase-ios.debug.xcconfig */,
				3E6EC886C01821FA92768A27 /* Pods-project-showcase-ios.release.xcconfig */,
			);
			name = Pods;
			sourceTree = "<group>";
		};
		DA3B1218201FF0B20049260C /* Model */ = {
			isa = PBXGroup;
			children = (
				DA3B1219201FF0DB0049260C /* Team.swift */,
				DA3B121D201FF89E0049260C /* Contact.swift */,
				DA11F268201FFCE000ABE707 /* TeamViewModel.swift */,
			);
			name = Model;
			path = "New Group";
			sourceTree = "<group>";
		};
		DAFCB24C20123A5B009A6D34 = {
			isa = PBXGroup;
			children = (
				DAFCB25720123A5B009A6D34 /* project-showcase-ios */,
				DAFCB25620123A5B009A6D34 /* Products */,
				A56DEAC0785A79486BBD6007 /* Pods */,
				6F11893A7003C450F6B32E6C /* Frameworks */,
			);
			sourceTree = "<group>";
		};
		DAFCB25620123A5B009A6D34 /* Products */ = {
			isa = PBXGroup;
			children = (
				DAFCB25520123A5B009A6D34 /* project-showcase-ios.app */,
			);
			name = Products;
			sourceTree = "<group>";
		};
		DAFCB25720123A5B009A6D34 /* project-showcase-ios */ = {
			isa = PBXGroup;
			children = (
				DAFCB25820123A5B009A6D34 /* AppDelegate.swift */,
				DA3B1218201FF0B20049260C /* Model */,
				ED75F27A2087FE2500438975 /* Views */,
				DAFCB26F20123ACF009A6D34 /* ViewControllers */,
				DAFCB27C20124037009A6D34 /* Utilities */,
				DAFCB26220123A5B009A6D34 /* Assets.xcassets */,
				DAFCB26420123A5B009A6D34 /* LaunchScreen.storyboard */,
				DAFCB26720123A5B009A6D34 /* Info.plist */,
				ED7C047621723AF800B19371 /* GoogleService-Info.plist */,
			);
			path = "project-showcase-ios";
			sourceTree = "<group>";
		};
		DAFCB26F20123ACF009A6D34 /* ViewControllers */ = {
			isa = PBXGroup;
			children = (
				DAFCB27520123B38009A6D34 /* ListViewController.swift */,
				DAFCB27420123B38009A6D34 /* BrowseViewController.swift */,
				ED5FE587209D75EE00C19C8F /* TeamDetailViewController.swift */,
				DAFCB27620123B38009A6D34 /* MapViewController.swift */,
				DAFCB27A20123BD5009A6D34 /* TabBarViewController.swift */,
			);
			name = ViewControllers;
			path = "New Group";
			sourceTree = "<group>";
		};
		DAFCB27C20124037009A6D34 /* Utilities */ = {
			isa = PBXGroup;
			children = (
				DAFCB27D2012405D009A6D34 /* Extensions.swift */,
				DA3B121B201FF3AB0049260C /* StringDict.swift */,
			);
			path = Utilities;
			sourceTree = "<group>";
		};
		ED75F27A2087FE2500438975 /* Views */ = {
			isa = PBXGroup;
			children = (
				ED75F27D2087FF5600438975 /* TeamTableViewCell.swift */,
				ED75F27E2087FF5600438975 /* TeamTableViewCell.xib */,
				ED5FE589209D7B0500C19C8F /* ContactInfoTableViewCell.swift */,
				ED5FE58A209D7B0500C19C8F /* ContactInfoTableViewCell.xib */,
			);
			path = Views;
			sourceTree = "<group>";
		};
/* End PBXGroup section */

/* Begin PBXNativeTarget section */
		DAFCB25420123A5B009A6D34 /* project-showcase-ios */ = {
			isa = PBXNativeTarget;
			buildConfigurationList = DAFCB26A20123A5B009A6D34 /* Build configuration list for PBXNativeTarget "project-showcase-ios" */;
			buildPhases = (
				6EE114EDA52F6D2D24955DDF /* [CP] Check Pods Manifest.lock */,
				DAFCB25120123A5B009A6D34 /* Sources */,
				DAFCB25220123A5B009A6D34 /* Frameworks */,
				DAFCB25320123A5B009A6D34 /* Resources */,
				B2C3B9DFAE567190340E8DC8 /* [CP] Embed Pods Frameworks */,
			);
			buildRules = (
			);
			dependencies = (
			);
			name = "project-showcase-ios";
			productName = "project-showcase-ios";
			productReference = DAFCB25520123A5B009A6D34 /* project-showcase-ios.app */;
			productType = "com.apple.product-type.application";
		};
/* End PBXNativeTarget section */

/* Begin PBXProject section */
		DAFCB24D20123A5B009A6D34 /* Project object */ = {
			isa = PBXProject;
			attributes = {
				LastSwiftUpdateCheck = 0920;
				LastUpgradeCheck = 0920;
				ORGANIZATIONNAME = ECAFT;
				TargetAttributes = {
					DAFCB25420123A5B009A6D34 = {
						CreatedOnToolsVersion = 9.2;
						ProvisioningStyle = Automatic;
					};
				};
			};
			buildConfigurationList = DAFCB25020123A5B009A6D34 /* Build configuration list for PBXProject "project-showcase-ios" */;
			compatibilityVersion = "Xcode 8.0";
			developmentRegion = en;
			hasScannedForEncodings = 0;
			knownRegions = (
				en,
				Base,
			);
			mainGroup = DAFCB24C20123A5B009A6D34;
			productRefGroup = DAFCB25620123A5B009A6D34 /* Products */;
			projectDirPath = "";
			projectRoot = "";
			targets = (
				DAFCB25420123A5B009A6D34 /* project-showcase-ios */,
			);
		};
/* End PBXProject section */

/* Begin PBXResourcesBuildPhase section */
		DAFCB25320123A5B009A6D34 /* Resources */ = {
			isa = PBXResourcesBuildPhase;
			buildActionMask = 2147483647;
			files = (
				DAFCB26620123A5B009A6D34 /* LaunchScreen.storyboard in Resources */,
				ED5FE58C209D7B0500C19C8F /* ContactInfoTableViewCell.xib in Resources */,
				ED7C047721723AF900B19371 /* GoogleService-Info.plist in Resources */,
				ED75F2802087FF5600438975 /* TeamTableViewCell.xib in Resources */,
				DAFCB26320123A5B009A6D34 /* Assets.xcassets in Resources */,
			);
			runOnlyForDeploymentPostprocessing = 0;
		};
/* End PBXResourcesBuildPhase section */

/* Begin PBXShellScriptBuildPhase section */
		6EE114EDA52F6D2D24955DDF /* [CP] Check Pods Manifest.lock */ = {
			isa = PBXShellScriptBuildPhase;
			buildActionMask = 2147483647;
			files = (
			);
			inputPaths = (
				"${PODS_PODFILE_DIR_PATH}/Podfile.lock",
				"${PODS_ROOT}/Manifest.lock",
			);
			name = "[CP] Check Pods Manifest.lock";
			outputPaths = (
				"$(DERIVED_FILE_DIR)/Pods-project-showcase-ios-checkManifestLockResult.txt",
			);
			runOnlyForDeploymentPostprocessing = 0;
			shellPath = /bin/sh;
			shellScript = "diff \"${PODS_PODFILE_DIR_PATH}/Podfile.lock\" \"${PODS_ROOT}/Manifest.lock\" > /dev/null\nif [ $? != 0 ] ; then\n    # print error to STDERR\n    echo \"error: The sandbox is not in sync with the Podfile.lock. Run 'pod install' or update your CocoaPods installation.\" >&2\n    exit 1\nfi\n# This output is used by Xcode 'outputs' to avoid re-running this script phase.\necho \"SUCCESS\" > \"${SCRIPT_OUTPUT_FILE_0}\"\n";
			showEnvVarsInLog = 0;
		};
		B2C3B9DFAE567190340E8DC8 /* [CP] Embed Pods Frameworks */ = {
			isa = PBXShellScriptBuildPhase;
			buildActionMask = 2147483647;
			files = (
			);
			inputPaths = (
				"${SRCROOT}/Pods/Target Support Files/Pods-project-showcase-ios/Pods-project-showcase-ios-frameworks.sh",
				"${BUILT_PRODUCTS_DIR}/GTMSessionFetcher/GTMSessionFetcher.framework",
				"${BUILT_PRODUCTS_DIR}/GoogleUtilities/GoogleUtilities.framework",
				"${BUILT_PRODUCTS_DIR}/ImageScrollView/ImageScrollView.framework",
				"${BUILT_PRODUCTS_DIR}/SnapKit/SnapKit.framework",
				"${BUILT_PRODUCTS_DIR}/SwiftyJSON/SwiftyJSON.framework",
				"${BUILT_PRODUCTS_DIR}/leveldb-library/leveldb.framework",
				"${BUILT_PRODUCTS_DIR}/nanopb/nanopb.framework",
			);
			name = "[CP] Embed Pods Frameworks";
			outputPaths = (
				"${TARGET_BUILD_DIR}/${FRAMEWORKS_FOLDER_PATH}/GTMSessionFetcher.framework",
				"${TARGET_BUILD_DIR}/${FRAMEWORKS_FOLDER_PATH}/GoogleUtilities.framework",
				"${TARGET_BUILD_DIR}/${FRAMEWORKS_FOLDER_PATH}/ImageScrollView.framework",
				"${TARGET_BUILD_DIR}/${FRAMEWORKS_FOLDER_PATH}/SnapKit.framework",
				"${TARGET_BUILD_DIR}/${FRAMEWORKS_FOLDER_PATH}/SwiftyJSON.framework",
				"${TARGET_BUILD_DIR}/${FRAMEWORKS_FOLDER_PATH}/leveldb.framework",
				"${TARGET_BUILD_DIR}/${FRAMEWORKS_FOLDER_PATH}/nanopb.framework",
			);
			runOnlyForDeploymentPostprocessing = 0;
			shellPath = /bin/sh;
			shellScript = "\"${SRCROOT}/Pods/Target Support Files/Pods-project-showcase-ios/Pods-project-showcase-ios-frameworks.sh\"\n";
			showEnvVarsInLog = 0;
		};
/* End PBXShellScriptBuildPhase section */

/* Begin PBXSourcesBuildPhase section */
		DAFCB25120123A5B009A6D34 /* Sources */ = {
			isa = PBXSourcesBuildPhase;
			buildActionMask = 2147483647;
			files = (
				DAFCB27920123B38009A6D34 /* MapViewController.swift in Sources */,
				DA3B121E201FF89E0049260C /* Contact.swift in Sources */,
				ED5FE58B209D7B0500C19C8F /* ContactInfoTableViewCell.swift in Sources */,
				DA11F269201FFCE000ABE707 /* TeamViewModel.swift in Sources */,
				ED75F27F2087FF5600438975 /* TeamTableViewCell.swift in Sources */,
				DAFCB27720123B38009A6D34 /* BrowseViewController.swift in Sources */,
				ED5FE588209D75EE00C19C8F /* TeamDetailViewController.swift in Sources */,
				DAFCB27B20123BD5009A6D34 /* TabBarViewController.swift in Sources */,
				DA3B121C201FF3AB0049260C /* StringDict.swift in Sources */,
				DA3B121A201FF0DB0049260C /* Team.swift in Sources */,
				DAFCB27820123B38009A6D34 /* ListViewController.swift in Sources */,
				DAFCB25920123A5B009A6D34 /* AppDelegate.swift in Sources */,
				DAFCB27E2012405D009A6D34 /* Extensions.swift in Sources */,
			);
			runOnlyForDeploymentPostprocessing = 0;
		};
/* End PBXSourcesBuildPhase section */

/* Begin PBXVariantGroup section */
		DAFCB26420123A5B009A6D34 /* LaunchScreen.storyboard */ = {
			isa = PBXVariantGroup;
			children = (
				DAFCB26520123A5B009A6D34 /* Base */,
			);
			name = LaunchScreen.storyboard;
			sourceTree = "<group>";
		};
/* End PBXVariantGroup section */

/* Begin XCBuildConfiguration section */
		DAFCB26820123A5B009A6D34 /* Debug */ = {
			isa = XCBuildConfiguration;
			buildSettings = {
				ALWAYS_SEARCH_USER_PATHS = NO;
				CLANG_ANALYZER_NONNULL = YES;
				CLANG_ANALYZER_NUMBER_OBJECT_CONVERSION = YES_AGGRESSIVE;
				CLANG_CXX_LANGUAGE_STANDARD = "gnu++14";
				CLANG_CXX_LIBRARY = "libc++";
				CLANG_ENABLE_MODULES = YES;
				CLANG_ENABLE_OBJC_ARC = YES;
				CLANG_WARN_BLOCK_CAPTURE_AUTORELEASING = YES;
				CLANG_WARN_BOOL_CONVERSION = YES;
				CLANG_WARN_COMMA = YES;
				CLANG_WARN_CONSTANT_CONVERSION = YES;
				CLANG_WARN_DIRECT_OBJC_ISA_USAGE = YES_ERROR;
				CLANG_WARN_DOCUMENTATION_COMMENTS = YES;
				CLANG_WARN_EMPTY_BODY = YES;
				CLANG_WARN_ENUM_CONVERSION = YES;
				CLANG_WARN_INFINITE_RECURSION = YES;
				CLANG_WARN_INT_CONVERSION = YES;
				CLANG_WARN_NON_LITERAL_NULL_CONVERSION = YES;
				CLANG_WARN_OBJC_LITERAL_CONVERSION = YES;
				CLANG_WARN_OBJC_ROOT_CLASS = YES_ERROR;
				CLANG_WARN_RANGE_LOOP_ANALYSIS = YES;
				CLANG_WARN_STRICT_PROTOTYPES = YES;
				CLANG_WARN_SUSPICIOUS_MOVE = YES;
				CLANG_WARN_UNGUARDED_AVAILABILITY = YES_AGGRESSIVE;
				CLANG_WARN_UNREACHABLE_CODE = YES;
				CLANG_WARN__DUPLICATE_METHOD_MATCH = YES;
				CODE_SIGN_IDENTITY = "iPhone Developer";
				COPY_PHASE_STRIP = NO;
				DEBUG_INFORMATION_FORMAT = dwarf;
				ENABLE_STRICT_OBJC_MSGSEND = YES;
				ENABLE_TESTABILITY = YES;
				GCC_C_LANGUAGE_STANDARD = gnu11;
				GCC_DYNAMIC_NO_PIC = NO;
				GCC_NO_COMMON_BLOCKS = YES;
				GCC_OPTIMIZATION_LEVEL = 0;
				GCC_PREPROCESSOR_DEFINITIONS = (
					"DEBUG=1",
					"$(inherited)",
				);
				GCC_WARN_64_TO_32_BIT_CONVERSION = YES;
				GCC_WARN_ABOUT_RETURN_TYPE = YES_ERROR;
				GCC_WARN_UNDECLARED_SELECTOR = YES;
				GCC_WARN_UNINITIALIZED_AUTOS = YES_AGGRESSIVE;
				GCC_WARN_UNUSED_FUNCTION = YES;
				GCC_WARN_UNUSED_VARIABLE = YES;
				IPHONEOS_DEPLOYMENT_TARGET = 11.2;
				MTL_ENABLE_DEBUG_INFO = YES;
				ONLY_ACTIVE_ARCH = YES;
				SDKROOT = iphoneos;
				SWIFT_ACTIVE_COMPILATION_CONDITIONS = DEBUG;
				SWIFT_OPTIMIZATION_LEVEL = "-Onone";
			};
			name = Debug;
		};
		DAFCB26920123A5B009A6D34 /* Release */ = {
			isa = XCBuildConfiguration;
			buildSettings = {
				ALWAYS_SEARCH_USER_PATHS = NO;
				CLANG_ANALYZER_NONNULL = YES;
				CLANG_ANALYZER_NUMBER_OBJECT_CONVERSION = YES_AGGRESSIVE;
				CLANG_CXX_LANGUAGE_STANDARD = "gnu++14";
				CLANG_CXX_LIBRARY = "libc++";
				CLANG_ENABLE_MODULES = YES;
				CLANG_ENABLE_OBJC_ARC = YES;
				CLANG_WARN_BLOCK_CAPTURE_AUTORELEASING = YES;
				CLANG_WARN_BOOL_CONVERSION = YES;
				CLANG_WARN_COMMA = YES;
				CLANG_WARN_CONSTANT_CONVERSION = YES;
				CLANG_WARN_DIRECT_OBJC_ISA_USAGE = YES_ERROR;
				CLANG_WARN_DOCUMENTATION_COMMENTS = YES;
				CLANG_WARN_EMPTY_BODY = YES;
				CLANG_WARN_ENUM_CONVERSION = YES;
				CLANG_WARN_INFINITE_RECURSION = YES;
				CLANG_WARN_INT_CONVERSION = YES;
				CLANG_WARN_NON_LITERAL_NULL_CONVERSION = YES;
				CLANG_WARN_OBJC_LITERAL_CONVERSION = YES;
				CLANG_WARN_OBJC_ROOT_CLASS = YES_ERROR;
				CLANG_WARN_RANGE_LOOP_ANALYSIS = YES;
				CLANG_WARN_STRICT_PROTOTYPES = YES;
				CLANG_WARN_SUSPICIOUS_MOVE = YES;
				CLANG_WARN_UNGUARDED_AVAILABILITY = YES_AGGRESSIVE;
				CLANG_WARN_UNREACHABLE_CODE = YES;
				CLANG_WARN__DUPLICATE_METHOD_MATCH = YES;
				CODE_SIGN_IDENTITY = "iPhone Developer";
				COPY_PHASE_STRIP = NO;
				DEBUG_INFORMATION_FORMAT = "dwarf-with-dsym";
				ENABLE_NS_ASSERTIONS = NO;
				ENABLE_STRICT_OBJC_MSGSEND = YES;
				GCC_C_LANGUAGE_STANDARD = gnu11;
				GCC_NO_COMMON_BLOCKS = YES;
				GCC_WARN_64_TO_32_BIT_CONVERSION = YES;
				GCC_WARN_ABOUT_RETURN_TYPE = YES_ERROR;
				GCC_WARN_UNDECLARED_SELECTOR = YES;
				GCC_WARN_UNINITIALIZED_AUTOS = YES_AGGRESSIVE;
				GCC_WARN_UNUSED_FUNCTION = YES;
				GCC_WARN_UNUSED_VARIABLE = YES;
				IPHONEOS_DEPLOYMENT_TARGET = 11.2;
				MTL_ENABLE_DEBUG_INFO = NO;
				SDKROOT = iphoneos;
				SWIFT_OPTIMIZATION_LEVEL = "-Owholemodule";
				VALIDATE_PRODUCT = YES;
			};
			name = Release;
		};
		DAFCB26B20123A5B009A6D34 /* Debug */ = {
			isa = XCBuildConfiguration;
			baseConfigurationReference = 295888290088FA671D71CE03 /* Pods-project-showcase-ios.debug.xcconfig */;
			buildSettings = {
				ASSETCATALOG_COMPILER_APPICON_NAME = AppIcon;
				CODE_SIGN_STYLE = Automatic;
				DEVELOPMENT_TEAM = 9CVHL8W7A5;
				INFOPLIST_FILE = "project-showcase-ios/Info.plist";
				LD_RUNPATH_SEARCH_PATHS = "$(inherited) @executable_path/Frameworks";
				PRODUCT_BUNDLE_IDENTIFIER = "ECAFT.project-showcase-ios";
				PRODUCT_NAME = "$(TARGET_NAME)";
				SWIFT_VERSION = 4.0;
				TARGETED_DEVICE_FAMILY = "1,2";
			};
			name = Debug;
		};
		DAFCB26C20123A5B009A6D34 /* Release */ = {
			isa = XCBuildConfiguration;
			baseConfigurationReference = 3E6EC886C01821FA92768A27 /* Pods-project-showcase-ios.release.xcconfig */;
			buildSettings = {
				ASSETCATALOG_COMPILER_APPICON_NAME = AppIcon;
				CODE_SIGN_STYLE = Automatic;
				DEVELOPMENT_TEAM = 9CVHL8W7A5;
				INFOPLIST_FILE = "project-showcase-ios/Info.plist";
				LD_RUNPATH_SEARCH_PATHS = "$(inherited) @executable_path/Frameworks";
				PRODUCT_BUNDLE_IDENTIFIER = "ECAFT.project-showcase-ios";
				PRODUCT_NAME = "$(TARGET_NAME)";
				SWIFT_VERSION = 4.0;
				TARGETED_DEVICE_FAMILY = "1,2";
			};
			name = Release;
		};
/* End XCBuildConfiguration section */

/* Begin XCConfigurationList section */
		DAFCB25020123A5B009A6D34 /* Build configuration list for PBXProject "project-showcase-ios" */ = {
			isa = XCConfigurationList;
			buildConfigurations = (
				DAFCB26820123A5B009A6D34 /* Debug */,
				DAFCB26920123A5B009A6D34 /* Release */,
			);
			defaultConfigurationIsVisible = 0;
			defaultConfigurationName = Release;
		};
		DAFCB26A20123A5B009A6D34 /* Build configuration list for PBXNativeTarget "project-showcase-ios" */ = {
			isa = XCConfigurationList;
			buildConfigurations = (
				DAFCB26B20123A5B009A6D34 /* Debug */,
				DAFCB26C20123A5B009A6D34 /* Release */,
			);
			defaultConfigurationIsVisible = 0;
			defaultConfigurationName = Release;
		};
/* End XCConfigurationList section */
	};
	rootObject = DAFCB24D20123A5B009A6D34 /* Project object */;
}
